<Solution>
  <Configurations>
    <Platform Name="Any CPU" />
    <Platform Name="x64" />
    <Platform Name="x86" />
  </Configurations>
  <Project Path="BlazorFastRollingNumbers.Demo/BlazorFastRollingNumbers.Demo.csproj" />
  <Project Path="BlazorFastRollingNumbers.Tests/BlazorFastRollingNumbers.Tests.csproj" />
  <Project Path="BlazorFastRollingNumbers/BlazorFastRollingNumbers.csproj" />
</Solution>
